
Microsoft Visual Studio Solution File, Format Version 12.00
# Visual Studio Version 16
VisualStudioVersion = 16.0.810.13
MinimumVisualStudioVersion = 10.0.40219.1
Project("{FAE04EC0-301F-11D3-BF4B-00C04F79EFBC}") = "Cau_5", "Cau_5\Cau_5.csproj", "{702D07A7-7687-4E9E-92F2-05B4365EF58E}"
EndProject
Global
	GlobalSection(SolutionConfigurationPlatforms) = preSolution
		Debug|anycpu = Debug|anycpu
		Release|anycpu = Release|anycpu
	EndGlobalSection
	GlobalSection(ProjectConfigurationPlatforms) = postSolution
		{702D07A7-7687-4E9E-92F2-05B4365EF58E}.Debug|anycpu.ActiveCfg = Debug|anycpu
		{702D07A7-7687-4E9E-92F2-05B4365EF58E}.Debug|anycpu.Build.0 = Debug|anycpu
		{702D07A7-7687-4E9E-92F2-05B4365EF58E}.Release|anycpu.ActiveCfg = Release|anycpu
		{702D07A7-7687-4E9E-92F2-05B4365EF58E}.Release|anycpu.Build.0 = Release|anycpu
	EndGlobalSection
	GlobalSection(SolutionProperties) = preSolution
		HideSolutionNode = FALSE
	EndGlobalSection
	GlobalSection(ExtensibilityGlobals) = postSolution
		SolutionGuid = {657E8A36-78DD-4A6A-93E3-CFA7BDD2F9F5}
	EndGlobalSection
EndGlobal
