
Microsoft Visual Studio Solution File, Format Version 12.00
# Visual Studio Version 16
VisualStudioVersion = 16.0.810.13
MinimumVisualStudioVersion = 10.0.40219.1
Project("{FAE04EC0-301F-11D3-BF4B-00C04F79EFBC}") = "Cau_3", "Cau_3\Cau_3.csproj", "{B893A383-14D3-41B1-BD3B-8DD233B85884}"
EndProject
Global
	GlobalSection(SolutionConfigurationPlatforms) = preSolution
		Debug|anycpu = Debug|anycpu
		Release|anycpu = Release|anycpu
	EndGlobalSection
	GlobalSection(ProjectConfigurationPlatforms) = postSolution
		{B893A383-14D3-41B1-BD3B-8DD233B85884}.Debug|anycpu.ActiveCfg = Debug|anycpu
		{B893A383-14D3-41B1-BD3B-8DD233B85884}.Debug|anycpu.Build.0 = Debug|anycpu
		{B893A383-14D3-41B1-BD3B-8DD233B85884}.Release|anycpu.ActiveCfg = Release|anycpu
		{B893A383-14D3-41B1-BD3B-8DD233B85884}.Release|anycpu.Build.0 = Release|anycpu
	EndGlobalSection
	GlobalSection(SolutionProperties) = preSolution
		HideSolutionNode = FALSE
	EndGlobalSection
	GlobalSection(ExtensibilityGlobals) = postSolution
		SolutionGuid = {D63802A4-4D49-45FF-8196-AFC753D3F96E}
	EndGlobalSection
EndGlobal
